
Microsoft Visual Studio Solution File, Format Version 12.00
# Visual Studio Version 17
VisualStudioVersion = 17.0.32014.148
MinimumVisualStudioVersion = 10.0.40219.1
Project("{9A19103F-16F7-4668-BE54-9A1E7A4F7556}") = "OS_1", "OS_1\OS_1.csproj", "{3D939E7A-6320-4673-98F9-C854B7E961D3}"
EndProject
Project("{FAE04EC0-301F-11D3-BF4B-00C04F79EFBC}") = "OSL8", "..\OSL8\OSL8.csproj", "{0EB7F1AF-C6D8-4D34-A49D-3D7C5F3E7D14}"
EndProject
Global
	GlobalSection(SolutionConfigurationPlatforms) = preSolution
		Debug|Any CPU = Debug|Any CPU
		Release|Any CPU = Release|Any CPU
	EndGlobalSection
	GlobalSection(ProjectConfigurationPlatforms) = postSolution
		{3D939E7A-6320-4673-98F9-C854B7E961D3}.Debug|Any CPU.ActiveCfg = Debug|Any CPU
		{3D939E7A-6320-4673-98F9-C854B7E961D3}.Debug|Any CPU.Build.0 = Debug|Any CPU
		{3D939E7A-6320-4673-98F9-C854B7E961D3}.Release|Any CPU.ActiveCfg = Release|Any CPU
		{3D939E7A-6320-4673-98F9-C854B7E961D3}.Release|Any CPU.Build.0 = Release|Any CPU
		{0EB7F1AF-C6D8-4D34-A49D-3D7C5F3E7D14}.Debug|Any CPU.ActiveCfg = Debug|Any CPU
		{0EB7F1AF-C6D8-4D34-A49D-3D7C5F3E7D14}.Debug|Any CPU.Build.0 = Debug|Any CPU
		{0EB7F1AF-C6D8-4D34-A49D-3D7C5F3E7D14}.Release|Any CPU.ActiveCfg = Release|Any CPU
		{0EB7F1AF-C6D8-4D34-A49D-3D7C5F3E7D14}.Release|Any CPU.Build.0 = Release|Any CPU
	EndGlobalSection
	GlobalSection(SolutionProperties) = preSolution
		HideSolutionNode = FALSE
	EndGlobalSection
	GlobalSection(ExtensibilityGlobals) = postSolution
		SolutionGuid = {B8CD991E-14EF-4A9E-9744-3B27EC5FE437}
	EndGlobalSection
EndGlobal
